
Microsoft Visual Studio Solution File, Format Version 12.00
# Visual Studio Version 17
VisualStudioVersion = 17.5.002.0
MinimumVisualStudioVersion = 10.0.40219.1
Project("{9A19103F-16F7-4668-BE54-9A1E7A4F7556}") = "bike-club-api", "bike-club-api.csproj", "{B572D2C7-7860-4F34-8122-7EAD8EDBE389}"
EndProject
Global
	GlobalSection(SolutionConfigurationPlatforms) = preSolution
		Debug|Any CPU = Debug|Any CPU
		Release|Any CPU = Release|Any CPU
	EndGlobalSection
	GlobalSection(ProjectConfigurationPlatforms) = postSolution
		{B572D2C7-7860-4F34-8122-7EAD8EDBE389}.Debug|Any CPU.ActiveCfg = Debug|Any CPU
		{B572D2C7-7860-4F34-8122-7EAD8EDBE389}.Debug|Any CPU.Build.0 = Debug|Any CPU
		{B572D2C7-7860-4F34-8122-7EAD8EDBE389}.Release|Any CPU.ActiveCfg = Release|Any CPU
		{B572D2C7-7860-4F34-8122-7EAD8EDBE389}.Release|Any CPU.Build.0 = Release|Any CPU
	EndGlobalSection
	GlobalSection(SolutionProperties) = preSolution
		HideSolutionNode = FALSE
	EndGlobalSection
	GlobalSection(ExtensibilityGlobals) = postSolution
		SolutionGuid = {34E08DF1-D16F-4A41-B3A8-F5C5318BE891}
	EndGlobalSection
EndGlobal
